Microsoft Visual Studio Solution File, Format Version 11.00
# Visual Studio 2008

Project("{8A80A867-3B13-0A19-39EE-B22B5E9C09B3}") = "Project TA New 2", "Assembly-CSharp.csproj", "{A46DA111-4D26-AACB-2327-5336426BA96A}"
EndProject
Project("{8A80A867-3B13-0A19-39EE-B22B5E9C09B3}") = "Project TA New 2", "Assembly-CSharp-Editor.csproj", "{322BFE91-B0F3-E037-5885-44F4CC7D773D}"
EndProject
Global
	GlobalSection(SolutionConfigurationPlatforms) = preSolution
		Debug|Any CPU = Debug|Any CPU
		Release|Any CPU = Release|Any CPU
	EndGlobalSection
	GlobalSection(ProjectConfigurationPlatforms) = postSolution
		{A46DA111-4D26-AACB-2327-5336426BA96A}.Debug|Any CPU.ActiveCfg = Debug|Any CPU
		{A46DA111-4D26-AACB-2327-5336426BA96A}.Debug|Any CPU.Build.0 = Debug|Any CPU
		{A46DA111-4D26-AACB-2327-5336426BA96A}.Release|Any CPU.ActiveCfg = Release|Any CPU
		{A46DA111-4D26-AACB-2327-5336426BA96A}.Release|Any CPU.Build.0 = Release|Any CPU
		{322BFE91-B0F3-E037-5885-44F4CC7D773D}.Debug|Any CPU.ActiveCfg = Debug|Any CPU
		{322BFE91-B0F3-E037-5885-44F4CC7D773D}.Debug|Any CPU.Build.0 = Debug|Any CPU
		{322BFE91-B0F3-E037-5885-44F4CC7D773D}.Release|Any CPU.ActiveCfg = Release|Any CPU
		{322BFE91-B0F3-E037-5885-44F4CC7D773D}.Release|Any CPU.Build.0 = Release|Any CPU
	EndGlobalSection
	GlobalSection(SolutionProperties) = preSolution
		HideSolutionNode = FALSE
	EndGlobalSection
	GlobalSection(MonoDevelopProperties) = preSolution
		StartupItem = Assembly-CSharp.csproj
	EndGlobalSection
EndGlobal
