Microsoft Visual Studio Solution File, Format Version 11.00
# Visual Studio 2008

Project("{8A80A867-3B13-0A19-39EE-B22B5E9C09B3}") = "Project TA New 2", "Assembly-CSharp-firstpass.csproj", "{F7C734A9-F7E6-5698-F72E-8B8FD2759BB9}"
EndProject
Project("{8A80A867-3B13-0A19-39EE-B22B5E9C09B3}") = "Project TA New 2", "Assembly-CSharp.csproj", "{A46DA111-4D26-AACB-2327-5336426BA96A}"
EndProject
Global
	GlobalSection(SolutionConfigurationPlatforms) = preSolution
		Debug|Any CPU = Debug|Any CPU
		Release|Any CPU = Release|Any CPU
	EndGlobalSection
	GlobalSection(ProjectConfigurationPlatforms) = postSolution
		{F7C734A9-F7E6-5698-F72E-8B8FD2759BB9}.Debug|Any CPU.ActiveCfg = Debug|Any CPU
		{F7C734A9-F7E6-5698-F72E-8B8FD2759BB9}.Debug|Any CPU.Build.0 = Debug|Any CPU
		{F7C734A9-F7E6-5698-F72E-8B8FD2759BB9}.Release|Any CPU.ActiveCfg = Release|Any CPU
		{F7C734A9-F7E6-5698-F72E-8B8FD2759BB9}.Release|Any CPU.Build.0 = Release|Any CPU
		{A46DA111-4D26-AACB-2327-5336426BA96A}.Debug|Any CPU.ActiveCfg = Debug|Any CPU
		{A46DA111-4D26-AACB-2327-5336426BA96A}.Debug|Any CPU.Build.0 = Debug|Any CPU
		{A46DA111-4D26-AACB-2327-5336426BA96A}.Release|Any CPU.ActiveCfg = Release|Any CPU
		{A46DA111-4D26-AACB-2327-5336426BA96A}.Release|Any CPU.Build.0 = Release|Any CPU
	EndGlobalSection
	GlobalSection(SolutionProperties) = preSolution
		HideSolutionNode = FALSE
	EndGlobalSection
	GlobalSection(MonoDevelopProperties) = preSolution
		StartupItem = Assembly-CSharp.csproj
	EndGlobalSection
EndGlobal
